
Microsoft Visual Studio Solution File, Format Version 12.00
# Visual Studio Version 17
VisualStudioVersion = 17.5.33414.496
MinimumVisualStudioVersion = 10.0.40219.1
Project("{FAE04EC0-301F-11D3-BF4B-00C04F79EFBC}") = "Acacia_Back_End", "Acacia_Back_End.csproj", "{5919E041-6334-47F2-8AE4-28D2A7017098}"
EndProject
Global
	GlobalSection(SolutionConfigurationPlatforms) = preSolution
		Debug|Any CPU = Debug|Any CPU
		Release|Any CPU = Release|Any CPU
	EndGlobalSection
	GlobalSection(ProjectConfigurationPlatforms) = postSolution
		{5919E041-6334-47F2-8AE4-28D2A7017098}.Debug|Any CPU.ActiveCfg = Debug|Any CPU
		{5919E041-6334-47F2-8AE4-28D2A7017098}.Debug|Any CPU.Build.0 = Debug|Any CPU
		{5919E041-6334-47F2-8AE4-28D2A7017098}.Release|Any CPU.ActiveCfg = Release|Any CPU
		{5919E041-6334-47F2-8AE4-28D2A7017098}.Release|Any CPU.Build.0 = Release|Any CPU
	EndGlobalSection
	GlobalSection(SolutionProperties) = preSolution
		HideSolutionNode = FALSE
	EndGlobalSection
	GlobalSection(ExtensibilityGlobals) = postSolution
		SolutionGuid = {3BCDD208-B4BF-4519-B6D2-FFD540BDC5D3}
	EndGlobalSection
EndGlobal
